
Microsoft Visual Studio Solution File, Format Version 12.00
Project("{FAE04EC0-301F-11D3-BF4B-00C04F79EFBC}") = "Turkiz", "Turkiz\Turkiz.csproj", "{B8939B6C-0DF2-4E87-95E6-04E67446FF1F}"
EndProject
Global
	GlobalSection(SolutionConfigurationPlatforms) = preSolution
		Debug|Any CPU = Debug|Any CPU
		Release|Any CPU = Release|Any CPU
	EndGlobalSection
	GlobalSection(ProjectConfigurationPlatforms) = postSolution
		{B8939B6C-0DF2-4E87-95E6-04E67446FF1F}.Debug|Any CPU.ActiveCfg = Debug|Any CPU
		{B8939B6C-0DF2-4E87-95E6-04E67446FF1F}.Debug|Any CPU.Build.0 = Debug|Any CPU
		{B8939B6C-0DF2-4E87-95E6-04E67446FF1F}.Release|Any CPU.ActiveCfg = Release|Any CPU
		{B8939B6C-0DF2-4E87-95E6-04E67446FF1F}.Release|Any CPU.Build.0 = Release|Any CPU
	EndGlobalSection
EndGlobal
